
Microsoft Visual Studio Solution File, Format Version 11.00
# Visual Studio 2010
Project("{FAE04EC0-301F-11D3-BF4B-00C04F79EFBC}") = "Attack on Thesis", "Assembly-CSharp.csproj", "{1240025A-F4C5-F628-0CB2-37E9D22B83B5}"
EndProject
Global
	GlobalSection(SolutionConfigurationPlatforms) = preSolution
		Debug|Any CPU = Debug|Any CPU
		Release|Any CPU = Release|Any CPU
	EndGlobalSection
	GlobalSection(ProjectConfigurationPlatforms) = postSolution
		{1240025A-F4C5-F628-0CB2-37E9D22B83B5}.Debug|Any CPU.ActiveCfg = Debug|Any CPU
		{1240025A-F4C5-F628-0CB2-37E9D22B83B5}.Debug|Any CPU.Build.0 = Debug|Any CPU
		{1240025A-F4C5-F628-0CB2-37E9D22B83B5}.Release|Any CPU.ActiveCfg = Release|Any CPU
		{1240025A-F4C5-F628-0CB2-37E9D22B83B5}.Release|Any CPU.Build.0 = Release|Any CPU
	EndGlobalSection
	GlobalSection(SolutionProperties) = preSolution
		HideSolutionNode = FALSE
	EndGlobalSection
	GlobalSection(MonoDevelopProperties) = preSolution
		StartupItem = Assembly-CSharp.csproj
	EndGlobalSection
EndGlobal
